
Microsoft Visual Studio Solution File, Format Version 12.00
# Visual Studio 15
VisualStudioVersion = 15.0.28010.2016
MinimumVisualStudioVersion = 10.0.40219.1
Project("{FAE04EC0-301F-11D3-BF4B-00C04F79EFBC}") = "Livro_TDD-MaiorEMenor", "Livro_TDD-MaiorEMenor\Livro_TDD-MaiorEMenor.csproj", "{93F8B5F1-4A8C-4B88-99BA-CC9541746076}"
EndProject
Global
	GlobalSection(SolutionConfigurationPlatforms) = preSolution
		Debug|Any CPU = Debug|Any CPU
		Release|Any CPU = Release|Any CPU
	EndGlobalSection
	GlobalSection(ProjectConfigurationPlatforms) = postSolution
		{93F8B5F1-4A8C-4B88-99BA-CC9541746076}.Debug|Any CPU.ActiveCfg = Debug|Any CPU
		{93F8B5F1-4A8C-4B88-99BA-CC9541746076}.Debug|Any CPU.Build.0 = Debug|Any CPU
		{93F8B5F1-4A8C-4B88-99BA-CC9541746076}.Release|Any CPU.ActiveCfg = Release|Any CPU
		{93F8B5F1-4A8C-4B88-99BA-CC9541746076}.Release|Any CPU.Build.0 = Release|Any CPU
	EndGlobalSection
	GlobalSection(SolutionProperties) = preSolution
		HideSolutionNode = FALSE
	EndGlobalSection
	GlobalSection(ExtensibilityGlobals) = postSolution
		SolutionGuid = {77FFEB7A-98D5-4A4E-AB4A-36BBC8E2EB84}
	EndGlobalSection
EndGlobal
